Microsoft Visual Studio Solution File, Format Version 12.00
# Visual Studio Version 17
VisualStudioVersion = 17.13.35825.156
MinimumVisualStudioVersion = 10.0.40219.1
Project("{FAE04EC0-301F-11D3-BF4B-00C04F79EFBC}") = "dbz jeyem Game", "Arceus Adventure Game\dbz jeyem Game.csproj", "{3C45FDAF-4920-4079-9B02-81E0D036E2EE}"
EndProject
Global
	GlobalSection(SolutionConfigurationPlatforms) = preSolution
		Debug|Any CPU = Debug|Any CPU
		Release|Any CPU = Release|Any CPU
	EndGlobalSection
	GlobalSection(ProjectConfigurationPlatforms) = postSolution
		{3C45FDAF-4920-4079-9B02-81E0D036E2EE}.Debug|Any CPU.ActiveCfg = Debug|Any CPU
		{3C45FDAF-4920-4079-9B02-81E0D036E2EE}.Debug|Any CPU.Build.0 = Debug|Any CPU
		{3C45FDAF-4920-4079-9B02-81E0D036E2EE}.Release|Any CPU.ActiveCfg = Release|Any CPU
		{3C45FDAF-4920-4079-9B02-81E0D036E2EE}.Release|Any CPU.Build.0 = Release|Any CPU
	EndGlobalSection
	GlobalSection(SolutionProperties) = preSolution
		HideSolutionNode = FALSE
	EndGlobalSection
	GlobalSection(ExtensibilityGlobals) = postSolution
		SolutionGuid = {E188029B-5089-47EA-9A0F-CF469981CFA3}
	EndGlobalSection
EndGlobal
